// !$*UTF8*$!
{
	archiveVersion = 1;
	classes = {
	};
	objectVersion = 46;
	objects = {

/* Begin PBXBuildFile section */
		14BF50E51CBD3DCB00DCC794 /* main.m in Sources */ = {isa = PBXBuildFile; fileRef = 14BF50E41CBD3DCB00DCC794 /* main.m */; };
		14BF50E81CBD3DCB00DCC794 /* AppDelegate.m in Sources */ = {isa = PBXBuildFile; fileRef = 14BF50E71CBD3DCB00DCC794 /* AppDelegate.m */; };
		14BF50EB1CBD3DCB00DCC794 /* ViewController.m in Sources */ = {isa = PBXBuildFile; fileRef = 14BF50EA1CBD3DCB00DCC794 /* ViewController.m */; };
		14BF50EE1CBD3DCB00DCC794 /* Main.storyboard in Resources */ = {isa = PBXBuildFile; fileRef = 14BF50EC1CBD3DCB00DCC794 /* Main.storyboard */; };
		14BF50F01CBD3DCB00DCC794 /* Assets.xcassets in Resources */ = {isa = PBXBuildFile; fileRef = 14BF50EF1CBD3DCB00DCC794 /* Assets.xcassets */; };
		14BF50F31CBD3DCB00DCC794 /* LaunchScreen.storyboard in Resources */ = {isa = PBXBuildFile; fileRef = 14BF50F11CBD3DCB00DCC794 /* LaunchScreen.storyboard */; };
		14BF50FE1CBD3DCB00DCC794 /* searchIDTests.m in Sources */ = {isa = PBXBuildFile; fileRef = 14BF50FD1CBD3DCB00DCC794 /* searchIDTests.m */; };
		14BF51091CBD3DCB00DCC794 /* searchIDUITests.m in Sources */ = {isa = PBXBuildFile; fileRef = 14BF51081CBD3DCB00DCC794 /* searchIDUITests.m */; };
/* End PBXBuildFile section */

/* Begin PBXContainerItemProxy section */
		14BF50FA1CBD3DCB00DCC794 /* PBXContainerItemProxy */ = {
			isa = PBXContainerItemProxy;
			containerPortal = 14BF50D81CBD3DCA00DCC794 /* Project object */;
			proxyType = 1;
			remoteGlobalIDString = 14BF50DF1CBD3DCA00DCC794;
			remoteInfo = searchID;
		};
		14BF51051CBD3DCB00DCC794 /* PBXContainerItemProxy */ = {
			isa = PBXContainerItemProxy;
			containerPortal = 14BF50D81CBD3DCA00DCC794 /* Project object */;
			proxyType = 1;
			remoteGlobalIDString = 14BF50DF1CBD3DCA00DCC794;
			remoteInfo = searchID;
		};
/* End PBXContainerItemProxy section */

/* Begin PBXFileReference section */
		14BF50E01CBD3DCA00DCC794 /* searchID.app */ = {isa = PBXFileReference; explicitFileType = wrapper.application; includeInIndex = 0; path = searchID.app; sourceTree = BUILT_PRODUCTS_DIR; };
		14BF50E41CBD3DCB00DCC794 /* main.m */ = {isa = PBXFileReference; lastKnownFileType = sourcecode.c.objc; path = main.m; sourceTree = "<group>"; };
		14BF50E61CBD3DCB00DCC794 /* AppDelegate.h */ = {isa = PBXFileReference; lastKnownFileType = sourcecode.c.h; path = AppDelegate.h; sourceTree = "<group>"; };
		14BF50E71CBD3DCB00DCC794 /* AppDelegate.m */ = {isa = PBXFileReference; lastKnownFileType = sourcecode.c.objc; path = AppDelegate.m; sourceTree = "<group>"; };
		14BF50E91CBD3DCB00DCC794 /* ViewController.h */ = {isa = PBXFileReference; lastKnownFileType = sourcecode.c.h; path = ViewController.h; sourceTree = "<group>"; };
		14BF50EA1CBD3DCB00DCC794 /* ViewController.m */ = {isa = PBXFileReference; lastKnownFileType = sourcecode.c.objc; path = ViewController.m; sourceTree = "<group>"; };
		14BF50ED1CBD3DCB00DCC794 /* Base */ = {isa = PBXFileReference; lastKnownFileType = file.storyboard; name = Base; path = Base.lproj/Main.storyboard; sourceTree = "<group>"; };
		14BF50EF1CBD3DCB00DCC794 /* Assets.xcassets */ = {isa = PBXFileReference; lastKnownFileType = folder.assetcatalog; path = Assets.xcassets; sourceTree = "<group>"; };
		14BF50F21CBD3DCB00DCC794 /* Base */ = {isa = PBXFileReference; lastKnownFileType = file.storyboard; name = Base; path = Base.lproj/LaunchScreen.storyboard; sourceTree = "<group>"; };
		14BF50F41CBD3DCB00DCC794 /* Info.plist */ = {isa = PBXFileReference; lastKnownFileType = text.plist.xml; path = Info.plist; sourceTree = "<group>"; };
		14BF50F91CBD3DCB00DCC794 /* searchIDTests.xctest */ = {isa = PBXFileReference; explicitFileType = wrapper.cfbundle; includeInIndex = 0; path = searchIDTests.xctest; sourceTree = BUILT_PRODUCTS_DIR; };
		14BF50FD1CBD3DCB00DCC794 /* searchIDTests.m */ = {isa = PBXFileReference; lastKnownFileType = sourcecode.c.objc; path = searchIDTests.m; sourceTree = "<group>"; };
		14BF50FF1CBD3DCB00DCC794 /* Info.plist */ = {isa = PBXFileReference; lastKnownFileType = text.plist.xml; path = Info.plist; sourceTree = "<group>"; };
		14BF51041CBD3DCB00DCC794 /* searchIDUITests.xctest */ = {isa = PBXFileReference; explicitFileType = wrapper.cfbundle; includeInIndex = 0; path = searchIDUITests.xctest; sourceTree = BUILT_PRODUCTS_DIR; };
		14BF51081CBD3DCB00DCC794 /* searchIDUITests.m */ = {isa = PBXFileReference; lastKnownFileType = sourcecode.c.objc; path = searchIDUITests.m; sourceTree = "<group>"; };
		14BF510A1CBD3DCB00DCC794 /* Info.plist */ = {isa = PBXFileReference; lastKnownFileType = text.plist.xml; path = Info.plist; sourceTree = "<group>"; };
/* End PBXFileReference section */

/* Begin PBXFrameworksBuildPhase section */
		14BF50DD1CBD3DCA00DCC794 /* Frameworks */ = {
			isa = PBXFrameworksBuildPhase;
			buildActionMask = 2147483647;
			files = (
			);
			runOnlyForDeploymentPostprocessing = 0;
		};
		14BF50F61CBD3DCB00DCC794 /* Frameworks */ = {
			isa = PBXFrameworksBuildPhase;
			buildActionMask = 2147483647;
			files = (
			);
			runOnlyForDeploymentPostprocessing = 0;
		};
		14BF51011CBD3DCB00DCC794 /* Frameworks */ = {
			isa = PBXFrameworksBuildPhase;
			buildActionMask = 2147483647;
			files = (
			);
			runOnlyForDeploymentPostprocessing = 0;
		};
/* End PBXFrameworksBuildPhase section */

/* Begin PBXGroup section */
		14BF50D71CBD3DCA00DCC794 = {
			isa = PBXGroup;
			children = (
				14BF50E21CBD3DCB00DCC794 /* searchID */,
				14BF50FC1CBD3DCB00DCC794 /* searchIDTests */,
				14BF51071CBD3DCB00DCC794 /* searchIDUITests */,
				14BF50E11CBD3DCA00DCC794 /* Products */,
			);
			sourceTree = "<group>";
		};
		14BF50E11CBD3DCA00DCC794 /* Products */ = {
			isa = PBXGroup;
			children = (
				14BF50E01CBD3DCA00DCC794 /* searchID.app */,
				14BF50F91CBD3DCB00DCC794 /* searchIDTests.xctest */,
				14BF51041CBD3DCB00DCC794 /* searchIDUITests.xctest */,
			);
			name = Products;
			sourceTree = "<group>";
		};
		14BF50E21CBD3DCB00DCC794 /* searchID */ = {
			isa = PBXGroup;
			children = (
				14BF50E61CBD3DCB00DCC794 /* AppDelegate.h */,
				14BF50E71CBD3DCB00DCC794 /* AppDelegate.m */,
				14BF50E91CBD3DCB00DCC794 /* ViewController.h */,
				14BF50EA1CBD3DCB00DCC794 /* ViewController.m */,
				14BF50EC1CBD3DCB00DCC794 /* Main.storyboard */,
				14BF50EF1CBD3DCB00DCC794 /* Assets.xcassets */,
				14BF50F11CBD3DCB00DCC794 /* LaunchScreen.storyboard */,
				14BF50F41CBD3DCB00DCC794 /* Info.plist */,
				14BF50E31CBD3DCB00DCC794 /* Supporting Files */,
			);
			path = searchID;
			sourceTree = "<group>";
		};
		14BF50E31CBD3DCB00DCC794 /* Supporting Files */ = {
			isa = PBXGroup;
			children = (
				14BF50E41CBD3DCB00DCC794 /* main.m */,
			);
			name = "Supporting Files";
			sourceTree = "<group>";
		};
		14BF50FC1CBD3DCB00DCC794 /* searchIDTests */ = {
			isa = PBXGroup;
			children = (
				14BF50FD1CBD3DCB00DCC794 /* searchIDTests.m */,
				14BF50FF1CBD3DCB00DCC794 /* Info.plist */,
			);
			path = searchIDTests;
			sourceTree = "<group>";
		};
		14BF51071CBD3DCB00DCC794 /* searchIDUITests */ = {
			isa = PBXGroup;
			children = (
				14BF51081CBD3DCB00DCC794 /* searchIDUITests.m */,
				14BF510A1CBD3DCB00DCC794 /* Info.plist */,
			);
			path = searchIDUITests;
			sourceTree = "<group>";
		};
/* End PBXGroup section */

/* Begin PBXNativeTarget section */
		14BF50DF1CBD3DCA00DCC794 /* searchID */ = {
			isa = PBXNativeTarget;
			buildConfigurationList = 14BF510D1CBD3DCB00DCC794 /* Build configuration list for PBXNativeTarget "searchID" */;
			buildPhases = (
				14BF50DC1CBD3DCA00DCC794 /* Sources */,
				14BF50DD1CBD3DCA00DCC794 /* Frameworks */,
				14BF50DE1CBD3DCA00DCC794 /* Resources */,
			);
			buildRules = (
			);
			dependencies = (
			);
			name = searchID;
			productName = searchID;
			productReference = 14BF50E01CBD3DCA00DCC794 /* searchID.app */;
			productType = "com.apple.product-type.application";
		};
		14BF50F81CBD3DCB00DCC794 /* searchIDTests */ = {
			isa = PBXNativeTarget;
			buildConfigurationList = 14BF51101CBD3DCB00DCC794 /* Build configuration list for PBXNativeTarget "searchIDTests" */;
			buildPhases = (
				14BF50F51CBD3DCB00DCC794 /* Sources */,
				14BF50F61CBD3DCB00DCC794 /* Frameworks */,
				14BF50F71CBD3DCB00DCC794 /* Resources */,
			);
			buildRules = (
			);
			dependencies = (
				14BF50FB1CBD3DCB00DCC794 /* PBXTargetDependency */,
			);
			name = searchIDTests;
			productName = searchIDTests;
			productReference = 14BF50F91CBD3DCB00DCC794 /* searchIDTests.xctest */;
			productType = "com.apple.product-type.bundle.unit-test";
		};
		14BF51031CBD3DCB00DCC794 /* searchIDUITests */ = {
			isa = PBXNativeTarget;
			buildConfigurationList = 14BF51131CBD3DCB00DCC794 /* Build configuration list for PBXNativeTarget "searchIDUITests" */;
			buildPhases = (
				14BF51001CBD3DCB00DCC794 /* Sources */,
				14BF51011CBD3DCB00DCC794 /* Frameworks */,
				14BF51021CBD3DCB00DCC794 /* Resources */,
			);
			buildRules = (
			);
			dependencies = (
				14BF51061CBD3DCB00DCC794 /* PBXTargetDependency */,
			);
			name = searchIDUITests;
			productName = searchIDUITests;
			productReference = 14BF51041CBD3DCB00DCC794 /* searchIDUITests.xctest */;
			productType = "com.apple.product-type.bundle.ui-testing";
		};
/* End PBXNativeTarget section */

/* Begin PBXProject section */
		14BF50D81CBD3DCA00DCC794 /* Project object */ = {
			isa = PBXProject;
			attributes = {
				LastUpgradeCheck = 0730;
				ORGANIZATIONNAME = again;
				TargetAttributes = {
					14BF50DF1CBD3DCA00DCC794 = {
						CreatedOnToolsVersion = 7.3;
						DevelopmentTeam = TYNJB982YZ;
					};
					14BF50F81CBD3DCB00DCC794 = {
						CreatedOnToolsVersion = 7.3;
						DevelopmentTeam = TYNJB982YZ;
						TestTargetID = 14BF50DF1CBD3DCA00DCC794;
					};
					14BF51031CBD3DCB00DCC794 = {
						CreatedOnToolsVersion = 7.3;
						DevelopmentTeam = TYNJB982YZ;
						TestTargetID = 14BF50DF1CBD3DCA00DCC794;
					};
				};
			};
			buildConfigurationList = 14BF50DB1CBD3DCA00DCC794 /* Build configuration list for PBXProject "searchID" */;
			compatibilityVersion = "Xcode 3.2";
			developmentRegion = English;
			hasScannedForEncodings = 0;
			knownRegions = (
				en,
				Base,
			);
			mainGroup = 14BF50D71CBD3DCA00DCC794;
			productRefGroup = 14BF50E11CBD3DCA00DCC794 /* Products */;
			projectDirPath = "";
			projectRoot = "";
			targets = (
				14BF50DF1CBD3DCA00DCC794 /* searchID */,
				14BF50F81CBD3DCB00DCC794 /* searchIDTests */,
				14BF51031CBD3DCB00DCC794 /* searchIDUITests */,
			);
		};
/* End PBXProject section */

/* Begin PBXResourcesBuildPhase section */
		14BF50DE1CBD3DCA00DCC794 /* Resources */ = {
			isa = PBXResourcesBuildPhase;
			buildActionMask = 2147483647;
			files = (
				14BF50F31CBD3DCB00DCC794 /* LaunchScreen.storyboard in Resources */,
				14BF50F01CBD3DCB00DCC794 /* Assets.xcassets in Resources */,
				14BF50EE1CBD3DCB00DCC794 /* Main.storyboard in Resources */,
			);
			runOnlyForDeploymentPostprocessing = 0;
		};
		14BF50F71CBD3DCB00DCC794 /* Resources */ = {
			isa = PBXResourcesBuildPhase;
			buildActionMask = 2147483647;
			files = (
			);
			runOnlyForDeploymentPostprocessing = 0;
		};
		14BF51021CBD3DCB00DCC794 /* Resources */ = {
			isa = PBXResourcesBuildPhase;
			buildActionMask = 2147483647;
			files = (
			);
			runOnlyForDeploymentPostprocessing = 0;
		};
/* End PBXResourcesBuildPhase section */

/* Begin PBXSourcesBuildPhase section */
		14BF50DC1CBD3DCA00DCC794 /* Sources */ = {
			isa = PBXSourcesBuildPhase;
			buildActionMask = 2147483647;
			files = (
				14BF50EB1CBD3DCB00DCC794 /* ViewController.m in Sources */,
				14BF50E81CBD3DCB00DCC794 /* AppDelegate.m in Sources */,
				14BF50E51CBD3DCB00DCC794 /* main.m in Sources */,
			);
			runOnlyForDeploymentPostprocessing = 0;
		};
		14BF50F51CBD3DCB00DCC794 /* Sources */ = {
			isa = PBXSourcesBuildPhase;
			buildActionMask = 2147483647;
			files = (
				14BF50FE1CBD3DCB00DCC794 /* searchIDTests.m in Sources */,
			);
			runOnlyForDeploymentPostprocessing = 0;
		};
		14BF51001CBD3DCB00DCC794 /* Sources */ = {
			isa = PBXSourcesBuildPhase;
			buildActionMask = 2147483647;
			files = (
				14BF51091CBD3DCB00DCC794 /* searchIDUITests.m in Sources */,
			);
			runOnlyForDeploymentPostprocessing = 0;
		};
/* End PBXSourcesBuildPhase section */

/* Begin PBXTargetDependency section */
		14BF50FB1CBD3DCB00DCC794 /* PBXTargetDependency */ = {
			isa = PBXTargetDependency;
			target = 14BF50DF1CBD3DCA00DCC794 /* searchID */;
			targetProxy = 14BF50FA1CBD3DCB00DCC794 /* PBXContainerItemProxy */;
		};
		14BF51061CBD3DCB00DCC794 /* PBXTargetDependency */ = {
			isa = PBXTargetDependency;
			target = 14BF50DF1CBD3DCA00DCC794 /* searchID */;
			targetProxy = 14BF51051CBD3DCB00DCC794 /* PBXContainerItemProxy */;
		};
/* End PBXTargetDependency section */

/* Begin PBXVariantGroup section */
		14BF50EC1CBD3DCB00DCC794 /* Main.storyboard */ = {
			isa = PBXVariantGroup;
			children = (
				14BF50ED1CBD3DCB00DCC794 /* Base */,
			);
			name = Main.storyboard;
			sourceTree = "<group>";
		};
		14BF50F11CBD3DCB00DCC794 /* LaunchScreen.storyboard */ = {
			isa = PBXVariantGroup;
			children = (
				14BF50F21CBD3DCB00DCC794 /* Base */,
			);
			name = LaunchScreen.storyboard;
			sourceTree = "<group>";
		};
/* End PBXVariantGroup section */

/* Begin XCBuildConfiguration section */
		14BF510B1CBD3DCB00DCC794 /* Debug */ = {
			isa = XCBuildConfiguration;
			buildSettings = {
				ALWAYS_SEARCH_USER_PATHS = NO;
				CLANG_ANALYZER_NONNULL = YES;
				CLANG_CXX_LANGUAGE_STANDARD = "gnu++0x";
				CLANG_CXX_LIBRARY = "libc++";
				CLANG_ENABLE_MODULES = YES;
				CLANG_ENABLE_OBJC_ARC = YES;
				CLANG_WARN_BOOL_CONVERSION = YES;
				CLANG_WARN_CONSTANT_CONVERSION = YES;
				CLANG_WARN_DIRECT_OBJC_ISA_USAGE = YES_ERROR;
				CLANG_WARN_EMPTY_BODY = YES;
				CLANG_WARN_ENUM_CONVERSION = YES;
				CLANG_WARN_INT_CONVERSION = YES;
				CLANG_WARN_OBJC_ROOT_CLASS = YES_ERROR;
				CLANG_WARN_UNREACHABLE_CODE = YES;
				CLANG_WARN__DUPLICATE_METHOD_MATCH = YES;
				"CODE_SIGN_IDENTITY[sdk=iphoneos*]" = "iPhone Developer";
				COPY_PHASE_STRIP = NO;
				DEBUG_INFORMATION_FORMAT = dwarf;
				ENABLE_STRICT_OBJC_MSGSEND = YES;
				ENABLE_TESTABILITY = YES;
				GCC_C_LANGUAGE_STANDARD = gnu99;
				GCC_DYNAMIC_NO_PIC = NO;
				GCC_NO_COMMON_BLOCKS = YES;
				GCC_OPTIMIZATION_LEVEL = 0;
				GCC_PREPROCESSOR_DEFINITIONS = (
					"DEBUG=1",
					"$(inherited)",
				);
				GCC_WARN_64_TO_32_BIT_CONVERSION = YES;
				GCC_WARN_ABOUT_RETURN_TYPE = YES_ERROR;
				GCC_WARN_UNDECLARED_SELECTOR = YES;
				GCC_WARN_UNINITIALIZED_AUTOS = YES_AGGRESSIVE;
				GCC_WARN_UNUSED_FUNCTION = YES;
				GCC_WARN_UNUSED_VARIABLE = YES;
				IPHONEOS_DEPLOYMENT_TARGET = 9.3;
				MTL_ENABLE_DEBUG_INFO = YES;
				ONLY_ACTIVE_ARCH = YES;
				SDKROOT = iphoneos;
			};
			name = Debug;
		};
		14BF510C1CBD3DCB00DCC794 /* Release */ = {
			isa = XCBuildConfiguration;
			buildSettings = {
				ALWAYS_SEARCH_USER_PATHS = NO;
				CLANG_ANALYZER_NONNULL = YES;
				CLANG_CXX_LANGUAGE_STANDARD = "gnu++0x";
				CLANG_CXX_LIBRARY = "libc++";
				CLANG_ENABLE_MODULES = YES;
				CLANG_ENABLE_OBJC_ARC = YES;
				CLANG_WARN_BOOL_CONVERSION = YES;
				CLANG_WARN_CONSTANT_CONVERSION = YES;
				CLANG_WARN_DIRECT_OBJC_ISA_USAGE = YES_ERROR;
				CLANG_WARN_EMPTY_BODY = YES;
				CLANG_WARN_ENUM_CONVERSION = YES;
				CLANG_WARN_INT_CONVERSION = YES;
				CLANG_WARN_OBJC_ROOT_CLASS = YES_ERROR;
				CLANG_WARN_UNREACHABLE_CODE = YES;
				CLANG_WARN__DUPLICATE_METHOD_MATCH = YES;
				"CODE_SIGN_IDENTITY[sdk=iphoneos*]" = "iPhone Developer";
				COPY_PHASE_STRIP = NO;
				DEBUG_INFORMATION_FORMAT = "dwarf-with-dsym";
				ENABLE_NS_ASSERTIONS = NO;
				ENABLE_STRICT_OBJC_MSGSEND = YES;
				GCC_C_LANGUAGE_STANDARD = gnu99;
				GCC_NO_COMMON_BLOCKS = YES;
				GCC_WARN_64_TO_32_BIT_CONVERSION = YES;
				GCC_WARN_ABOUT_RETURN_TYPE = YES_ERROR;
				GCC_WARN_UNDECLARED_SELECTOR = YES;
				GCC_WARN_UNINITIALIZED_AUTOS = YES_AGGRESSIVE;
				GCC_WARN_UNUSED_FUNCTION = YES;
				GCC_WARN_UNUSED_VARIABLE = YES;
				IPHONEOS_DEPLOYMENT_TARGET = 9.3;
				MTL_ENABLE_DEBUG_INFO = NO;
				SDKROOT = iphoneos;
				VALIDATE_PRODUCT = YES;
			};
			name = Release;
		};
		14BF510E1CBD3DCB00DCC794 /* Debug */ = {
			isa = XCBuildConfiguration;
			buildSettings = {
				ASSETCATALOG_COMPILER_APPICON_NAME = AppIcon;
				INFOPLIST_FILE = searchID/Info.plist;
				LD_RUNPATH_SEARCH_PATHS = "$(inherited) @executable_path/Frameworks";
				PRODUCT_BUNDLE_IDENTIFIER = cn.again.searchID;
				PRODUCT_NAME = "$(TARGET_NAME)";
			};
			name = Debug;
		};
		14BF510F1CBD3DCB00DCC794 /* Release */ = {
			isa = XCBuildConfiguration;
			buildSettings = {
				ASSETCATALOG_COMPILER_APPICON_NAME = AppIcon;
				INFOPLIST_FILE = searchID/Info.plist;
				LD_RUNPATH_SEARCH_PATHS = "$(inherited) @executable_path/Frameworks";
				PRODUCT_BUNDLE_IDENTIFIER = cn.again.searchID;
				PRODUCT_NAME = "$(TARGET_NAME)";
			};
			name = Release;
		};
		14BF51111CBD3DCB00DCC794 /* Debug */ = {
			isa = XCBuildConfiguration;
			buildSettings = {
				BUNDLE_LOADER = "$(TEST_HOST)";
				INFOPLIST_FILE = searchIDTests/Info.plist;
				LD_RUNPATH_SEARCH_PATHS = "$(inherited) @executable_path/Frameworks @loader_path/Frameworks";
				PRODUCT_BUNDLE_IDENTIFIER = cn.again.searchIDTests;
				PRODUCT_NAME = "$(TARGET_NAME)";
				TEST_HOST = "$(BUILT_PRODUCTS_DIR)/searchID.app/searchID";
			};
			name = Debug;
		};
		14BF51121CBD3DCB00DCC794 /* Release */ = {
			isa = XCBuildConfiguration;
			buildSettings = {
				BUNDLE_LOADER = "$(TEST_HOST)";
				INFOPLIST_FILE = searchIDTests/Info.plist;
				LD_RUNPATH_SEARCH_PATHS = "$(inherited) @executable_path/Frameworks @loader_path/Frameworks";
				PRODUCT_BUNDLE_IDENTIFIER = cn.again.searchIDTests;
				PRODUCT_NAME = "$(TARGET_NAME)";
				TEST_HOST = "$(BUILT_PRODUCTS_DIR)/searchID.app/searchID";
			};
			name = Release;
		};
		14BF51141CBD3DCB00DCC794 /* Debug */ = {
			isa = XCBuildConfiguration;
			buildSettings = {
				INFOPLIST_FILE = searchIDUITests/Info.plist;
				LD_RUNPATH_SEARCH_PATHS = "$(inherited) @executable_path/Frameworks @loader_path/Frameworks";
				PRODUCT_BUNDLE_IDENTIFIER = cn.again.searchIDUITests;
				PRODUCT_NAME = "$(TARGET_NAME)";
				TEST_TARGET_NAME = searchID;
			};
			name = Debug;
		};
		14BF51151CBD3DCB00DCC794 /* Release */ = {
			isa = XCBuildConfiguration;
			buildSettings = {
				INFOPLIST_FILE = searchIDUITests/Info.plist;
				LD_RUNPATH_SEARCH_PATHS = "$(inherited) @executable_path/Frameworks @loader_path/Frameworks";
				PRODUCT_BUNDLE_IDENTIFIER = cn.again.searchIDUITests;
				PRODUCT_NAME = "$(TARGET_NAME)";
				TEST_TARGET_NAME = searchID;
			};
			name = Release;
		};
/* End XCBuildConfiguration section */

/* Begin XCConfigurationList section */
		14BF50DB1CBD3DCA00DCC794 /* Build configuration list for PBXProject "searchID" */ = {
			isa = XCConfigurationList;
			buildConfigurations = (
				14BF510B1CBD3DCB00DCC794 /* Debug */,
				14BF510C1CBD3DCB00DCC794 /* Release */,
			);
			defaultConfigurationIsVisible = 0;
			defaultConfigurationName = Release;
		};
		14BF510D1CBD3DCB00DCC794 /* Build configuration list for PBXNativeTarget "searchID" */ = {
			isa = XCConfigurationList;
			buildConfigurations = (
				14BF510E1CBD3DCB00DCC794 /* Debug */,
				14BF510F1CBD3DCB00DCC794 /* Release */,
			);
			defaultConfigurationIsVisible = 0;
		};
		14BF51101CBD3DCB00DCC794 /* Build configuration list for PBXNativeTarget "searchIDTests" */ = {
			isa = XCConfigurationList;
			buildConfigurations = (
				14BF51111CBD3DCB00DCC794 /* Debug */,
				14BF51121CBD3DCB00DCC794 /* Release */,
			);
			defaultConfigurationIsVisible = 0;
		};
		14BF51131CBD3DCB00DCC794 /* Build configuration list for PBXNativeTarget "searchIDUITests" */ = {
			isa = XCConfigurationList;
			buildConfigurations = (
				14BF51141CBD3DCB00DCC794 /* Debug */,
				14BF51151CBD3DCB00DCC794 /* Release */,
			);
			defaultConfigurationIsVisible = 0;
		};
/* End XCConfigurationList section */
	};
	rootObject = 14BF50D81CBD3DCA00DCC794 /* Project object */;
}
